
Microsoft Visual Studio Solution File, Format Version 12.00
# Visual Studio Version 16
VisualStudioVersion = 16.0.29418.71
MinimumVisualStudioVersion = 10.0.40219.1
Project("{FAE04EC0-301F-11D3-BF4B-00C04F79EFBC}") = "Facedetection", "Facedetection\Facedetection.csproj", "{9F129199-BF81-4654-8EA4-78B945F0BD56}"
EndProject
Global
	GlobalSection(SolutionConfigurationPlatforms) = preSolution
		Debug|x64 = Debug|x64
		Release|x64 = Release|x64
	EndGlobalSection
	GlobalSection(ProjectConfigurationPlatforms) = postSolution
		{9F129199-BF81-4654-8EA4-78B945F0BD56}.Debug|x64.ActiveCfg = Debug|x64
		{9F129199-BF81-4654-8EA4-78B945F0BD56}.Debug|x64.Build.0 = Debug|x64
		{9F129199-BF81-4654-8EA4-78B945F0BD56}.Release|x64.ActiveCfg = Release|x64
		{9F129199-BF81-4654-8EA4-78B945F0BD56}.Release|x64.Build.0 = Release|x64
	EndGlobalSection
	GlobalSection(SolutionProperties) = preSolution
		HideSolutionNode = FALSE
	EndGlobalSection
	GlobalSection(ExtensibilityGlobals) = postSolution
		SolutionGuid = {6BF16E3B-F3A9-4C49-A40F-26338E22A3B7}
	EndGlobalSection
EndGlobal
